
Microsoft Visual Studio Solution File, Format Version 12.00
# Visual Studio Version 17
VisualStudioVersion = 17.14.36429.23
MinimumVisualStudioVersion = 10.0.40219.1
Project("{FAE04EC0-301F-11D3-BF4B-00C04F79EFBC}") = "ISIP123_Krasnova", "ISIP123_Krasnova\ISIP123_Krasnova.csproj", "{160B5DB9-7555-4697-961E-694EDE72515D}"
EndProject
Project("{FAE04EC0-301F-11D3-BF4B-00C04F79EFBC}") = "Wpf_14", "Wpf_14\Wpf_14.csproj", "{AC8B7B52-1DF5-4D86-B4D8-1E07DC92AC5B}"
EndProject
Project("{FAE04EC0-301F-11D3-BF4B-00C04F79EFBC}") = "UnitTestProject_Auth", "UnitTestProject\UnitTestProject_Auth.csproj", "{8744E206-AFE8-4693-A170-A2A6729F2DC8}"
EndProject
Global
	GlobalSection(SolutionConfigurationPlatforms) = preSolution
		Debug|Any CPU = Debug|Any CPU
		Release|Any CPU = Release|Any CPU
	EndGlobalSection
	GlobalSection(ProjectConfigurationPlatforms) = postSolution
		{160B5DB9-7555-4697-961E-694EDE72515D}.Debug|Any CPU.ActiveCfg = Debug|Any CPU
		{160B5DB9-7555-4697-961E-694EDE72515D}.Debug|Any CPU.Build.0 = Debug|Any CPU
		{160B5DB9-7555-4697-961E-694EDE72515D}.Release|Any CPU.ActiveCfg = Release|Any CPU
		{160B5DB9-7555-4697-961E-694EDE72515D}.Release|Any CPU.Build.0 = Release|Any CPU
		{AC8B7B52-1DF5-4D86-B4D8-1E07DC92AC5B}.Debug|Any CPU.ActiveCfg = Debug|Any CPU
		{AC8B7B52-1DF5-4D86-B4D8-1E07DC92AC5B}.Debug|Any CPU.Build.0 = Debug|Any CPU
		{AC8B7B52-1DF5-4D86-B4D8-1E07DC92AC5B}.Release|Any CPU.ActiveCfg = Release|Any CPU
		{AC8B7B52-1DF5-4D86-B4D8-1E07DC92AC5B}.Release|Any CPU.Build.0 = Release|Any CPU
		{8744E206-AFE8-4693-A170-A2A6729F2DC8}.Debug|Any CPU.ActiveCfg = Debug|Any CPU
		{8744E206-AFE8-4693-A170-A2A6729F2DC8}.Debug|Any CPU.Build.0 = Debug|Any CPU
		{8744E206-AFE8-4693-A170-A2A6729F2DC8}.Release|Any CPU.ActiveCfg = Release|Any CPU
		{8744E206-AFE8-4693-A170-A2A6729F2DC8}.Release|Any CPU.Build.0 = Release|Any CPU
	EndGlobalSection
	GlobalSection(SolutionProperties) = preSolution
		HideSolutionNode = FALSE
	EndGlobalSection
	GlobalSection(ExtensibilityGlobals) = postSolution
		SolutionGuid = {B2C4474C-3DE6-4CCE-9386-C990C8E98125}
	EndGlobalSection
EndGlobal
